
Microsoft Visual Studio Solution File, Format Version 12.00
# Visual Studio 2013
VisualStudioVersion = 12.0.21005.1
MinimumVisualStudioVersion = 10.0.40219.1
Project("{FAE04EC0-301F-11D3-BF4B-00C04F79EFBC}") = "Triple", "Triple\Triple.csproj", "{2766D468-68BA-467D-B5FE-3C536DD0D3C0}"
EndProject
Global
	GlobalSection(SolutionConfigurationPlatforms) = preSolution
		Debug|Any CPU = Debug|Any CPU
		Release|Any CPU = Release|Any CPU
	EndGlobalSection
	GlobalSection(ProjectConfigurationPlatforms) = postSolution
		{2766D468-68BA-467D-B5FE-3C536DD0D3C0}.Debug|Any CPU.ActiveCfg = Debug|Any CPU
		{2766D468-68BA-467D-B5FE-3C536DD0D3C0}.Debug|Any CPU.Build.0 = Debug|Any CPU
		{2766D468-68BA-467D-B5FE-3C536DD0D3C0}.Release|Any CPU.ActiveCfg = Release|Any CPU
		{2766D468-68BA-467D-B5FE-3C536DD0D3C0}.Release|Any CPU.Build.0 = Release|Any CPU
	EndGlobalSection
	GlobalSection(SolutionProperties) = preSolution
		HideSolutionNode = FALSE
	EndGlobalSection
EndGlobal
