
Microsoft Visual Studio Solution File, Format Version 12.00
# Visual Studio 14
VisualStudioVersion = 14.0.23107.0
MinimumVisualStudioVersion = 10.0.40219.1
Project("{FAE04EC0-301F-11D3-BF4B-00C04F79EFBC}") = "CalculadoraSimple class", "CalculadoraSimple class\CalculadoraSimple class.csproj", "{DCE6AC39-A9DE-43A8-BA02-9E3AA59BBAB2}"
EndProject
Global
	GlobalSection(SolutionConfigurationPlatforms) = preSolution
		Debug|Any CPU = Debug|Any CPU
		Release|Any CPU = Release|Any CPU
	EndGlobalSection
	GlobalSection(ProjectConfigurationPlatforms) = postSolution
		{DCE6AC39-A9DE-43A8-BA02-9E3AA59BBAB2}.Debug|Any CPU.ActiveCfg = Debug|Any CPU
		{DCE6AC39-A9DE-43A8-BA02-9E3AA59BBAB2}.Debug|Any CPU.Build.0 = Debug|Any CPU
		{DCE6AC39-A9DE-43A8-BA02-9E3AA59BBAB2}.Release|Any CPU.ActiveCfg = Release|Any CPU
		{DCE6AC39-A9DE-43A8-BA02-9E3AA59BBAB2}.Release|Any CPU.Build.0 = Release|Any CPU
	EndGlobalSection
	GlobalSection(SolutionProperties) = preSolution
		HideSolutionNode = FALSE
	EndGlobalSection
EndGlobal
