
Microsoft Visual Studio Solution File, Format Version 12.00
# Visual Studio 2012
Project("{FAE04EC0-301F-11D3-BF4B-00C04F79EFBC}") = "CirculoInflable", "CirculoInflable\CirculoInflable.csproj", "{438F7CA6-8635-4938-8D58-3358BA934533}"
EndProject
Global
	GlobalSection(SolutionConfigurationPlatforms) = preSolution
		Debug|Any CPU = Debug|Any CPU
		Release|Any CPU = Release|Any CPU
	EndGlobalSection
	GlobalSection(ProjectConfigurationPlatforms) = postSolution
		{438F7CA6-8635-4938-8D58-3358BA934533}.Debug|Any CPU.ActiveCfg = Debug|Any CPU
		{438F7CA6-8635-4938-8D58-3358BA934533}.Debug|Any CPU.Build.0 = Debug|Any CPU
		{438F7CA6-8635-4938-8D58-3358BA934533}.Release|Any CPU.ActiveCfg = Release|Any CPU
		{438F7CA6-8635-4938-8D58-3358BA934533}.Release|Any CPU.Build.0 = Release|Any CPU
	EndGlobalSection
	GlobalSection(SolutionProperties) = preSolution
		HideSolutionNode = FALSE
	EndGlobalSection
EndGlobal
