
Microsoft Visual Studio Solution File, Format Version 12.00
# Visual Studio 2012
Project("{FAE04EC0-301F-11D3-BF4B-00C04F79EFBC}") = "PruebaPoligono", "PruebaPoligono\PruebaPoligono.csproj", "{B11A40B3-7D4A-4E36-9D1B-EF72E2A96BD3}"
EndProject
Global
	GlobalSection(SolutionConfigurationPlatforms) = preSolution
		Debug|Any CPU = Debug|Any CPU
		Release|Any CPU = Release|Any CPU
	EndGlobalSection
	GlobalSection(ProjectConfigurationPlatforms) = postSolution
		{B11A40B3-7D4A-4E36-9D1B-EF72E2A96BD3}.Debug|Any CPU.ActiveCfg = Debug|Any CPU
		{B11A40B3-7D4A-4E36-9D1B-EF72E2A96BD3}.Debug|Any CPU.Build.0 = Debug|Any CPU
		{B11A40B3-7D4A-4E36-9D1B-EF72E2A96BD3}.Release|Any CPU.ActiveCfg = Release|Any CPU
		{B11A40B3-7D4A-4E36-9D1B-EF72E2A96BD3}.Release|Any CPU.Build.0 = Release|Any CPU
	EndGlobalSection
	GlobalSection(SolutionProperties) = preSolution
		HideSolutionNode = FALSE
	EndGlobalSection
EndGlobal
