
Microsoft Visual Studio Solution File, Format Version 12.00
# Visual Studio 14
VisualStudioVersion = 14.0.23107.0
MinimumVisualStudioVersion = 10.0.40219.1
Project("{FAE04EC0-301F-11D3-BF4B-00C04F79EFBC}") = "ArbolMaxMin class rec", "ArbolMaxMin class rec\ArbolMaxMin class rec.csproj", "{22176D23-9F75-429C-BECB-534BC796A324}"
EndProject
Global
	GlobalSection(SolutionConfigurationPlatforms) = preSolution
		Debug|Any CPU = Debug|Any CPU
		Release|Any CPU = Release|Any CPU
	EndGlobalSection
	GlobalSection(ProjectConfigurationPlatforms) = postSolution
		{22176D23-9F75-429C-BECB-534BC796A324}.Debug|Any CPU.ActiveCfg = Debug|Any CPU
		{22176D23-9F75-429C-BECB-534BC796A324}.Debug|Any CPU.Build.0 = Debug|Any CPU
		{22176D23-9F75-429C-BECB-534BC796A324}.Release|Any CPU.ActiveCfg = Release|Any CPU
		{22176D23-9F75-429C-BECB-534BC796A324}.Release|Any CPU.Build.0 = Release|Any CPU
	EndGlobalSection
	GlobalSection(SolutionProperties) = preSolution
		HideSolutionNode = FALSE
	EndGlobalSection
EndGlobal
