
Microsoft Visual Studio Solution File, Format Version 12.00
# Visual Studio 14
VisualStudioVersion = 14.0.23107.0
MinimumVisualStudioVersion = 10.0.40219.1
Project("{FAE04EC0-301F-11D3-BF4B-00C04F79EFBC}") = "Iteradores (yield)", "Iteradores (yield)\Iteradores (yield).csproj", "{5CC53387-3E49-4DBA-A7CB-AC7D7E293DAE}"
EndProject
Global
	GlobalSection(SolutionConfigurationPlatforms) = preSolution
		Debug|Any CPU = Debug|Any CPU
		Release|Any CPU = Release|Any CPU
	EndGlobalSection
	GlobalSection(ProjectConfigurationPlatforms) = postSolution
		{5CC53387-3E49-4DBA-A7CB-AC7D7E293DAE}.Debug|Any CPU.ActiveCfg = Debug|Any CPU
		{5CC53387-3E49-4DBA-A7CB-AC7D7E293DAE}.Debug|Any CPU.Build.0 = Debug|Any CPU
		{5CC53387-3E49-4DBA-A7CB-AC7D7E293DAE}.Release|Any CPU.ActiveCfg = Release|Any CPU
		{5CC53387-3E49-4DBA-A7CB-AC7D7E293DAE}.Release|Any CPU.Build.0 = Release|Any CPU
	EndGlobalSection
	GlobalSection(SolutionProperties) = preSolution
		HideSolutionNode = FALSE
	EndGlobalSection
EndGlobal
