
Microsoft Visual Studio Solution File, Format Version 12.00
# Visual Studio 14
VisualStudioVersion = 14.0.23107.0
MinimumVisualStudioVersion = 10.0.40219.1
Project("{FAE04EC0-301F-11D3-BF4B-00C04F79EFBC}") = "SimplificandoArbol class rec", "SimplificandoArbol class\SimplificandoArbol class rec.csproj", "{4E40D9DA-0236-44EB-AD47-8A1EC52E730C}"
EndProject
Project("{2150E333-8FDC-42A3-9474-1A3956D46DE8}") = "Solution Items", "Solution Items", "{9091AE7D-629E-4D3D-858D-7FE6107B72C4}"
	ProjectSection(SolutionItems) = preProject
		..\..\Pruebas\Pruebas de Programacion (UH)\2010 - 2011\Ordinario\CXXX - Nombre Apellido1 Apellido2\Weboo.Utils.dll = ..\..\Pruebas\Pruebas de Programacion (UH)\2010 - 2011\Ordinario\CXXX - Nombre Apellido1 Apellido2\Weboo.Utils.dll
	EndProjectSection
EndProject
Global
	GlobalSection(SolutionConfigurationPlatforms) = preSolution
		Debug|Any CPU = Debug|Any CPU
		Release|Any CPU = Release|Any CPU
	EndGlobalSection
	GlobalSection(ProjectConfigurationPlatforms) = postSolution
		{4E40D9DA-0236-44EB-AD47-8A1EC52E730C}.Debug|Any CPU.ActiveCfg = Debug|Any CPU
		{4E40D9DA-0236-44EB-AD47-8A1EC52E730C}.Debug|Any CPU.Build.0 = Debug|Any CPU
		{4E40D9DA-0236-44EB-AD47-8A1EC52E730C}.Release|Any CPU.ActiveCfg = Release|Any CPU
		{4E40D9DA-0236-44EB-AD47-8A1EC52E730C}.Release|Any CPU.Build.0 = Release|Any CPU
	EndGlobalSection
	GlobalSection(SolutionProperties) = preSolution
		HideSolutionNode = FALSE
	EndGlobalSection
EndGlobal
